
Microsoft Visual Studio Solution File, Format Version 12.00
# Visual Studio Version 17
VisualStudioVersion = 17.6.33723.286
MinimumVisualStudioVersion = 10.0.40219.1
Project("{FAE04EC0-301F-11D3-BF4B-00C04F79EFBC}") = "P1_JerryHurtado.Server", "P1_JerryHurtado.Server\P1_JerryHurtado.Server.csproj", "{A9F6A549-AA3C-4AB0-A771-08E2B92ADD8B}"
EndProject
Global
	GlobalSection(SolutionConfigurationPlatforms) = preSolution
		Debug|Any CPU = Debug|Any CPU
		Release|Any CPU = Release|Any CPU
	EndGlobalSection
	GlobalSection(ProjectConfigurationPlatforms) = postSolution
		{A9F6A549-AA3C-4AB0-A771-08E2B92ADD8B}.Debug|Any CPU.ActiveCfg = Debug|Any CPU
		{A9F6A549-AA3C-4AB0-A771-08E2B92ADD8B}.Debug|Any CPU.Build.0 = Debug|Any CPU
		{A9F6A549-AA3C-4AB0-A771-08E2B92ADD8B}.Release|Any CPU.ActiveCfg = Release|Any CPU
		{A9F6A549-AA3C-4AB0-A771-08E2B92ADD8B}.Release|Any CPU.Build.0 = Release|Any CPU
	EndGlobalSection
	GlobalSection(SolutionProperties) = preSolution
		HideSolutionNode = FALSE
	EndGlobalSection
	GlobalSection(ExtensibilityGlobals) = postSolution
		SolutionGuid = {0917B9D2-4F91-4F65-AAF9-7A47A4DEDF3C}
	EndGlobalSection
EndGlobal
